// !$*UTF8*$!
{
	archiveVersion = 1;
	classes = {
	};
	objectVersion = 50;
	objects = {

/* Begin PBXBuildFile section */
		D9C914702406F89D00E1437B /* AppDelegate.swift in Sources */ = {isa = PBXBuildFile; fileRef = D9C9146F2406F89D00E1437B /* AppDelegate.swift */; };
		D9C914722406F89D00E1437B /* SceneDelegate.swift in Sources */ = {isa = PBXBuildFile; fileRef = D9C914712406F89D00E1437B /* SceneDelegate.swift */; };
		D9C914742406F89D00E1437B /* ContentView.swift in Sources */ = {isa = PBXBuildFile; fileRef = D9C914732406F89D00E1437B /* ContentView.swift */; };
		D9C914762406F8A400E1437B /* Assets.xcassets in Resources */ = {isa = PBXBuildFile; fileRef = D9C914752406F8A400E1437B /* Assets.xcassets */; };
		D9C914792406F8A400E1437B /* Preview Assets.xcassets in Resources */ = {isa = PBXBuildFile; fileRef = D9C914782406F8A400E1437B /* Preview Assets.xcassets */; };
		D9C9147C2406F8A400E1437B /* LaunchScreen.storyboard in Resources */ = {isa = PBXBuildFile; fileRef = D9C9147A2406F8A400E1437B /* LaunchScreen.storyboard */; };
		D9C9148824070D9400E1437B /* CircleImage.swift in Sources */ = {isa = PBXBuildFile; fileRef = D9C9148724070D9400E1437B /* CircleImage.swift */; };
		D9C9148A24070DC100E1437B /* MapView.swift in Sources */ = {isa = PBXBuildFile; fileRef = D9C9148924070DC100E1437B /* MapView.swift */; };
/* End PBXBuildFile section */

/* Begin PBXFileReference section */
		D9C9146C2406F89D00E1437B /* TareaLandmarkAppP1.app */ = {isa = PBXFileReference; explicitFileType = wrapper.application; includeInIndex = 0; path = TareaLandmarkAppP1.app; sourceTree = BUILT_PRODUCTS_DIR; };
		D9C9146F2406F89D00E1437B /* AppDelegate.swift */ = {isa = PBXFileReference; lastKnownFileType = sourcecode.swift; path = AppDelegate.swift; sourceTree = "<group>"; };
		D9C914712406F89D00E1437B /* SceneDelegate.swift */ = {isa = PBXFileReference; lastKnownFileType = sourcecode.swift; path = SceneDelegate.swift; sourceTree = "<group>"; };
		D9C914732406F89D00E1437B /* ContentView.swift */ = {isa = PBXFileReference; lastKnownFileType = sourcecode.swift; path = ContentView.swift; sourceTree = "<group>"; };
		D9C914752406F8A400E1437B /* Assets.xcassets */ = {isa = PBXFileReference; lastKnownFileType = folder.assetcatalog; path = Assets.xcassets; sourceTree = "<group>"; };
		D9C914782406F8A400E1437B /* Preview Assets.xcassets */ = {isa = PBXFileReference; lastKnownFileType = folder.assetcatalog; path = "Preview Assets.xcassets"; sourceTree = "<group>"; };
		D9C9147B2406F8A400E1437B /* Base */ = {isa = PBXFileReference; lastKnownFileType = file.storyboard; name = Base; path = Base.lproj/LaunchScreen.storyboard; sourceTree = "<group>"; };
		D9C9147D2406F8A400E1437B /* Info.plist */ = {isa = PBXFileReference; lastKnownFileType = text.plist.xml; path = Info.plist; sourceTree = "<group>"; };
		D9C9148724070D9400E1437B /* CircleImage.swift */ = {isa = PBXFileReference; lastKnownFileType = sourcecode.swift; path = CircleImage.swift; sourceTree = "<group>"; };
		D9C9148924070DC100E1437B /* MapView.swift */ = {isa = PBXFileReference; lastKnownFileType = sourcecode.swift; path = MapView.swift; sourceTree = "<group>"; };
/* End PBXFileReference section */

/* Begin PBXFrameworksBuildPhase section */
		D9C914692406F89D00E1437B /* Frameworks */ = {
			isa = PBXFrameworksBuildPhase;
			buildActionMask = 2147483647;
			files = (
			);
			runOnlyForDeploymentPostprocessing = 0;
		};
/* End PBXFrameworksBuildPhase section */

/* Begin PBXGroup section */
		D9C914632406F89D00E1437B = {
			isa = PBXGroup;
			children = (
				D9C9146E2406F89D00E1437B /* TareaLandmarkAppP1 */,
				D9C9146D2406F89D00E1437B /* Products */,
			);
			sourceTree = "<group>";
		};
		D9C9146D2406F89D00E1437B /* Products */ = {
			isa = PBXGroup;
			children = (
				D9C9146C2406F89D00E1437B /* TareaLandmarkAppP1.app */,
			);
			name = Products;
			sourceTree = "<group>";
		};
		D9C9146E2406F89D00E1437B /* TareaLandmarkAppP1 */ = {
			isa = PBXGroup;
			children = (
				D9C9146F2406F89D00E1437B /* AppDelegate.swift */,
				D9C914712406F89D00E1437B /* SceneDelegate.swift */,
				D9C914732406F89D00E1437B /* ContentView.swift */,
				D9C914752406F8A400E1437B /* Assets.xcassets */,
				D9C9147A2406F8A400E1437B /* LaunchScreen.storyboard */,
				D9C9147D2406F8A400E1437B /* Info.plist */,
				D9C914772406F8A400E1437B /* Preview Content */,
				D9C9148724070D9400E1437B /* CircleImage.swift */,
				D9C9148924070DC100E1437B /* MapView.swift */,
			);
			path = TareaLandmarkAppP1;
			sourceTree = "<group>";
		};
		D9C914772406F8A400E1437B /* Preview Content */ = {
			isa = PBXGroup;
			children = (
				D9C914782406F8A400E1437B /* Preview Assets.xcassets */,
			);
			path = "Preview Content";
			sourceTree = "<group>";
		};
/* End PBXGroup section */

/* Begin PBXNativeTarget section */
		D9C9146B2406F89D00E1437B /* TareaLandmarkAppP1 */ = {
			isa = PBXNativeTarget;
			buildConfigurationList = D9C914802406F8A400E1437B /* Build configuration list for PBXNativeTarget "TareaLandmarkAppP1" */;
			buildPhases = (
				D9C914682406F89D00E1437B /* Sources */,
				D9C914692406F89D00E1437B /* Frameworks */,
				D9C9146A2406F89D00E1437B /* Resources */,
			);
			buildRules = (
			);
			dependencies = (
			);
			name = TareaLandmarkAppP1;
			productName = TareaLandmarkAppP1;
			productReference = D9C9146C2406F89D00E1437B /* TareaLandmarkAppP1.app */;
			productType = "com.apple.product-type.application";
		};
/* End PBXNativeTarget section */

/* Begin PBXProject section */
		D9C914642406F89D00E1437B /* Project object */ = {
			isa = PBXProject;
			attributes = {
				LastSwiftUpdateCheck = 1130;
				LastUpgradeCheck = 1130;
				ORGANIZATIONNAME = ByRamon;
				TargetAttributes = {
					D9C9146B2406F89D00E1437B = {
						CreatedOnToolsVersion = 11.3.1;
					};
				};
			};
			buildConfigurationList = D9C914672406F89D00E1437B /* Build configuration list for PBXProject "TareaLandmarkAppP1" */;
			compatibilityVersion = "Xcode 9.3";
			developmentRegion = en;
			hasScannedForEncodings = 0;
			knownRegions = (
				en,
				Base,
			);
			mainGroup = D9C914632406F89D00E1437B;
			productRefGroup = D9C9146D2406F89D00E1437B /* Products */;
			projectDirPath = "";
			projectRoot = "";
			targets = (
				D9C9146B2406F89D00E1437B /* TareaLandmarkAppP1 */,
			);
		};
/* End PBXProject section */

/* Begin PBXResourcesBuildPhase section */
		D9C9146A2406F89D00E1437B /* Resources */ = {
			isa = PBXResourcesBuildPhase;
			buildActionMask = 2147483647;
			files = (
				D9C9147C2406F8A400E1437B /* LaunchScreen.storyboard in Resources */,
				D9C914792406F8A400E1437B /* Preview Assets.xcassets in Resources */,
				D9C914762406F8A400E1437B /* Assets.xcassets in Resources */,
			);
			runOnlyForDeploymentPostprocessing = 0;
		};
/* End PBXResourcesBuildPhase section */

/* Begin PBXSourcesBuildPhase section */
		D9C914682406F89D00E1437B /* Sources */ = {
			isa = PBXSourcesBuildPhase;
			buildActionMask = 2147483647;
			files = (
				D9C914702406F89D00E1437B /* AppDelegate.swift in Sources */,
				D9C9148824070D9400E1437B /* CircleImage.swift in Sources */,
				D9C9148A24070DC100E1437B /* MapView.swift in Sources */,
				D9C914722406F89D00E1437B /* SceneDelegate.swift in Sources */,
				D9C914742406F89D00E1437B /* ContentView.swift in Sources */,
			);
			runOnlyForDeploymentPostprocessing = 0;
		};
/* End PBXSourcesBuildPhase section */

/* Begin PBXVariantGroup section */
		D9C9147A2406F8A400E1437B /* LaunchScreen.storyboard */ = {
			isa = PBXVariantGroup;
			children = (
				D9C9147B2406F8A400E1437B /* Base */,
			);
			name = LaunchScreen.storyboard;
			sourceTree = "<group>";
		};
/* End PBXVariantGroup section */

/* Begin XCBuildConfiguration section */
		D9C9147E2406F8A400E1437B /* Debug */ = {
			isa = XCBuildConfiguration;
			buildSettings = {
				ALWAYS_SEARCH_USER_PATHS = NO;
				CLANG_ANALYZER_NONNULL = YES;
				CLANG_ANALYZER_NUMBER_OBJECT_CONVERSION = YES_AGGRESSIVE;
				CLANG_CXX_LANGUAGE_STANDARD = "gnu++14";
				CLANG_CXX_LIBRARY = "libc++";
				CLANG_ENABLE_MODULES = YES;
				CLANG_ENABLE_OBJC_ARC = YES;
				CLANG_ENABLE_OBJC_WEAK = YES;
				CLANG_WARN_BLOCK_CAPTURE_AUTORELEASING = YES;
				CLANG_WARN_BOOL_CONVERSION = YES;
				CLANG_WARN_COMMA = YES;
				CLANG_WARN_CONSTANT_CONVERSION = YES;
				CLANG_WARN_DEPRECATED_OBJC_IMPLEMENTATIONS = YES;
				CLANG_WARN_DIRECT_OBJC_ISA_USAGE = YES_ERROR;
				CLANG_WARN_DOCUMENTATION_COMMENTS = YES;
				CLANG_WARN_EMPTY_BODY = YES;
				CLANG_WARN_ENUM_CONVERSION = YES;
				CLANG_WARN_INFINITE_RECURSION = YES;
				CLANG_WARN_INT_CONVERSION = YES;
				CLANG_WARN_NON_LITERAL_NULL_CONVERSION = YES;
				CLANG_WARN_OBJC_IMPLICIT_RETAIN_SELF = YES;
				CLANG_WARN_OBJC_LITERAL_CONVERSION = YES;
				CLANG_WARN_OBJC_ROOT_CLASS = YES_ERROR;
				CLANG_WARN_RANGE_LOOP_ANALYSIS = YES;
				CLANG_WARN_STRICT_PROTOTYPES = YES;
				CLANG_WARN_SUSPICIOUS_MOVE = YES;
				CLANG_WARN_UNGUARDED_AVAILABILITY = YES_AGGRESSIVE;
				CLANG_WARN_UNREACHABLE_CODE = YES;
				CLANG_WARN__DUPLICATE_METHOD_MATCH = YES;
				COPY_PHASE_STRIP = NO;
				DEBUG_INFORMATION_FORMAT = dwarf;
				ENABLE_STRICT_OBJC_MSGSEND = YES;
				ENABLE_TESTABILITY = YES;
				GCC_C_LANGUAGE_STANDARD = gnu11;
				GCC_DYNAMIC_NO_PIC = NO;
				GCC_NO_COMMON_BLOCKS = YES;
				GCC_OPTIMIZATION_LEVEL = 0;
				GCC_PREPROCESSOR_DEFINITIONS = (
					"DEBUG=1",
					"$(inherited)",
				);
				GCC_WARN_64_TO_32_BIT_CONVERSION = YES;
				GCC_WARN_ABOUT_RETURN_TYPE = YES_ERROR;
				GCC_WARN_UNDECLARED_SELECTOR = YES;
				GCC_WARN_UNINITIALIZED_AUTOS = YES_AGGRESSIVE;
				GCC_WARN_UNUSED_FUNCTION = YES;
				GCC_WARN_UNUSED_VARIABLE = YES;
				IPHONEOS_DEPLOYMENT_TARGET = 13.2;
				MTL_ENABLE_DEBUG_INFO = INCLUDE_SOURCE;
				MTL_FAST_MATH = YES;
				ONLY_ACTIVE_ARCH = YES;
				SDKROOT = iphoneos;
				SWIFT_ACTIVE_COMPILATION_CONDITIONS = DEBUG;
				SWIFT_OPTIMIZATION_LEVEL = "-Onone";
			};
			name = Debug;
		};
		D9C9147F2406F8A400E1437B /* Release */ = {
			isa = XCBuildConfiguration;
			buildSettings = {
				ALWAYS_SEARCH_USER_PATHS = NO;
				CLANG_ANALYZER_NONNULL = YES;
				CLANG_ANALYZER_NUMBER_OBJECT_CONVERSION = YES_AGGRESSIVE;
				CLANG_CXX_LANGUAGE_STANDARD = "gnu++14";
				CLANG_CXX_LIBRARY = "libc++";
				CLANG_ENABLE_MODULES = YES;
				CLANG_ENABLE_OBJC_ARC = YES;
				CLANG_ENABLE_OBJC_WEAK = YES;
				CLANG_WARN_BLOCK_CAPTURE_AUTORELEASING = YES;
				CLANG_WARN_BOOL_CONVERSION = YES;
				CLANG_WARN_COMMA = YES;
				CLANG_WARN_CONSTANT_CONVERSION = YES;
				CLANG_WARN_DEPRECATED_OBJC_IMPLEMENTATIONS = YES;
				CLANG_WARN_DIRECT_OBJC_ISA_USAGE = YES_ERROR;
				CLANG_WARN_DOCUMENTATION_COMMENTS = YES;
				CLANG_WARN_EMPTY_BODY = YES;
				CLANG_WARN_ENUM_CONVERSION = YES;
				CLANG_WARN_INFINITE_RECURSION = YES;
				CLANG_WARN_INT_CONVERSION = YES;
				CLANG_WARN_NON_LITERAL_NULL_CONVERSION = YES;
				CLANG_WARN_OBJC_IMPLICIT_RETAIN_SELF = YES;
				CLANG_WARN_OBJC_LITERAL_CONVERSION = YES;
				CLANG_WARN_OBJC_ROOT_CLASS = YES_ERROR;
				CLANG_WARN_RANGE_LOOP_ANALYSIS = YES;
				CLANG_WARN_STRICT_PROTOTYPES = YES;
				CLANG_WARN_SUSPICIOUS_MOVE = YES;
				CLANG_WARN_UNGUARDED_AVAILABILITY = YES_AGGRESSIVE;
				CLANG_WARN_UNREACHABLE_CODE = YES;
				CLANG_WARN__DUPLICATE_METHOD_MATCH = YES;
				COPY_PHASE_STRIP = NO;
				DEBUG_INFORMATION_FORMAT = "dwarf-with-dsym";
				ENABLE_NS_ASSERTIONS = NO;
				ENABLE_STRICT_OBJC_MSGSEND = YES;
				GCC_C_LANGUAGE_STANDARD = gnu11;
				GCC_NO_COMMON_BLOCKS = YES;
				GCC_WARN_64_TO_32_BIT_CONVERSION = YES;
				GCC_WARN_ABOUT_RETURN_TYPE = YES_ERROR;
				GCC_WARN_UNDECLARED_SELECTOR = YES;
				GCC_WARN_UNINITIALIZED_AUTOS = YES_AGGRESSIVE;
				GCC_WARN_UNUSED_FUNCTION = YES;
				GCC_WARN_UNUSED_VARIABLE = YES;
				IPHONEOS_DEPLOYMENT_TARGET = 13.2;
				MTL_ENABLE_DEBUG_INFO = NO;
				MTL_FAST_MATH = YES;
				SDKROOT = iphoneos;
				SWIFT_COMPILATION_MODE = wholemodule;
				SWIFT_OPTIMIZATION_LEVEL = "-O";
				VALIDATE_PRODUCT = YES;
			};
			name = Release;
		};
		D9C914812406F8A400E1437B /* Debug */ = {
			isa = XCBuildConfiguration;
			buildSettings = {
				ASSETCATALOG_COMPILER_APPICON_NAME = AppIcon;
				CODE_SIGN_STYLE = Automatic;
				DEVELOPMENT_ASSET_PATHS = "\"TareaLandmarkAppP1/Preview Content\"";
				DEVELOPMENT_TEAM = 7GX7MKQC59;
				ENABLE_PREVIEWS = YES;
				INFOPLIST_FILE = TareaLandmarkAppP1/Info.plist;
				LD_RUNPATH_SEARCH_PATHS = (
					"$(inherited)",
					"@executable_path/Frameworks",
				);
				PRODUCT_BUNDLE_IDENTIFIER = mx.edu.delasalle.TareaLandmarkAppP1;
				PRODUCT_NAME = "$(TARGET_NAME)";
				SWIFT_VERSION = 5.0;
				TARGETED_DEVICE_FAMILY = "1,2";
			};
			name = Debug;
		};
		D9C914822406F8A400E1437B /* Release */ = {
			isa = XCBuildConfiguration;
			buildSettings = {
				ASSETCATALOG_COMPILER_APPICON_NAME = AppIcon;
				CODE_SIGN_STYLE = Automatic;
				DEVELOPMENT_ASSET_PATHS = "\"TareaLandmarkAppP1/Preview Content\"";
				DEVELOPMENT_TEAM = 7GX7MKQC59;
				ENABLE_PREVIEWS = YES;
				INFOPLIST_FILE = TareaLandmarkAppP1/Info.plist;
				LD_RUNPATH_SEARCH_PATHS = (
					"$(inherited)",
					"@executable_path/Frameworks",
				);
				PRODUCT_BUNDLE_IDENTIFIER = mx.edu.delasalle.TareaLandmarkAppP1;
				PRODUCT_NAME = "$(TARGET_NAME)";
				SWIFT_VERSION = 5.0;
				TARGETED_DEVICE_FAMILY = "1,2";
			};
			name = Release;
		};
/* End XCBuildConfiguration section */

/* Begin XCConfigurationList section */
		D9C914672406F89D00E1437B /* Build configuration list for PBXProject "TareaLandmarkAppP1" */ = {
			isa = XCConfigurationList;
			buildConfigurations = (
				D9C9147E2406F8A400E1437B /* Debug */,
				D9C9147F2406F8A400E1437B /* Release */,
			);
			defaultConfigurationIsVisible = 0;
			defaultConfigurationName = Release;
		};
		D9C914802406F8A400E1437B /* Build configuration list for PBXNativeTarget "TareaLandmarkAppP1" */ = {
			isa = XCConfigurationList;
			buildConfigurations = (
				D9C914812406F8A400E1437B /* Debug */,
				D9C914822406F8A400E1437B /* Release */,
			);
			defaultConfigurationIsVisible = 0;
			defaultConfigurationName = Release;
		};
/* End XCConfigurationList section */
	};
	rootObject = D9C914642406F89D00E1437B /* Project object */;
}
